
Microsoft Visual Studio Solution File, Format Version 12.00
# Visual Studio Version 16
VisualStudioVersion = 16.0.31605.320
MinimumVisualStudioVersion = 10.0.40219.1
Project("{FAE04EC0-301F-11D3-BF4B-00C04F79EFBC}") = "ConsoleApp103", "ConsoleApp103\ConsoleApp103.csproj", "{03C624AB-FA71-42D6-85D3-F9F61F533A2D}"
EndProject
Global
	GlobalSection(SolutionConfigurationPlatforms) = preSolution
		Debug|Any CPU = Debug|Any CPU
		Release|Any CPU = Release|Any CPU
	EndGlobalSection
	GlobalSection(ProjectConfigurationPlatforms) = postSolution
		{03C624AB-FA71-42D6-85D3-F9F61F533A2D}.Debug|Any CPU.ActiveCfg = Debug|Any CPU
		{03C624AB-FA71-42D6-85D3-F9F61F533A2D}.Debug|Any CPU.Build.0 = Debug|Any CPU
		{03C624AB-FA71-42D6-85D3-F9F61F533A2D}.Release|Any CPU.ActiveCfg = Release|Any CPU
		{03C624AB-FA71-42D6-85D3-F9F61F533A2D}.Release|Any CPU.Build.0 = Release|Any CPU
	EndGlobalSection
	GlobalSection(SolutionProperties) = preSolution
		HideSolutionNode = FALSE
	EndGlobalSection
	GlobalSection(ExtensibilityGlobals) = postSolution
		SolutionGuid = {33948B10-676A-47E6-B51F-AAB06BD64F5D}
	EndGlobalSection
EndGlobal
